{
  "version": 2,
  "dependencies": {
    "net10.0": {
      "Microsoft.Extensions.TimeProvider.Testing": {
        "type": "Direct",
        "requested": "[10.10.0, )",
        "resolved": "10.10.0",
        "contentHash": "8duZdxuO3Oo8tlyQXVq1drXee6GJC9DjUU97Pq3YaIqf92jrAHsWxbbRKwvjQI48Mer3IANwUKF0elqvHeY4Rw=="
      },
      "engramic.baseline.platform": {
        "type": "Project"
      }
    }
  }
}